
Microsoft Visual Studio Solution File, Format Version 12.00
# Visual Studio Version 16
VisualStudioVersion = 16.0.30503.244
MinimumVisualStudioVersion = 10.0.40219.1
Project("{FAE04EC0-301F-11D3-BF4B-00C04F79EFBC}") = "ExportCustomizations", "ExportCustomizations\src\ExportCustomizations.csproj", "{AC9D38C0-FFCB-4703-8A5C-6D1324D0778F}"
EndProject
Project("{FAE04EC0-301F-11D3-BF4B-00C04F79EFBC}") = "PowerPlatform.BuildTools", "src\PowerPlatform.BuildTools.csproj", "{29FB945A-9AA3-49A5-A27E-B41FC9959B2B}"
EndProject
Project("{FAE04EC0-301F-11D3-BF4B-00C04F79EFBC}") = "SolutionVersioner", "SolutionVersioner\src\SolutionVersioner.csproj", "{F1DABBB0-0140-4CC1-A0E0-5E82DFB9A1FE}"
EndProject
Project("{FAE04EC0-301F-11D3-BF4B-00C04F79EFBC}") = "CommandLine.Core", "CommandLine\src\CommandLine.Core.csproj", "{67567A13-CB46-4EF2-A2C0-3B1C038C159E}"
EndProject
Project("{FAE04EC0-301F-11D3-BF4B-00C04F79EFBC}") = "DynamicsCrm.Common", "PowerPlatformCommon\src\DynamicsCrm.Common.csproj", "{64D1A673-2607-436B-BF09-B40986B25E83}"
EndProject
Project("{FAE04EC0-301F-11D3-BF4B-00C04F79EFBC}") = "ImportCustomizations", "ImportCustomizations\src\ImportCustomizations.csproj", "{2C15F602-15C3-48D1-9FE0-ACF1FBFAD5D0}"
EndProject
Global
	GlobalSection(SolutionConfigurationPlatforms) = preSolution
		Debug|Any CPU = Debug|Any CPU
		Release|Any CPU = Release|Any CPU
	EndGlobalSection
	GlobalSection(ProjectConfigurationPlatforms) = postSolution
		{AC9D38C0-FFCB-4703-8A5C-6D1324D0778F}.Debug|Any CPU.ActiveCfg = Debug|Any CPU
		{AC9D38C0-FFCB-4703-8A5C-6D1324D0778F}.Debug|Any CPU.Build.0 = Debug|Any CPU
		{AC9D38C0-FFCB-4703-8A5C-6D1324D0778F}.Release|Any CPU.ActiveCfg = Release|Any CPU
		{AC9D38C0-FFCB-4703-8A5C-6D1324D0778F}.Release|Any CPU.Build.0 = Release|Any CPU
		{29FB945A-9AA3-49A5-A27E-B41FC9959B2B}.Debug|Any CPU.ActiveCfg = Debug|Any CPU
		{29FB945A-9AA3-49A5-A27E-B41FC9959B2B}.Debug|Any CPU.Build.0 = Debug|Any CPU
		{29FB945A-9AA3-49A5-A27E-B41FC9959B2B}.Release|Any CPU.ActiveCfg = Release|Any CPU
		{29FB945A-9AA3-49A5-A27E-B41FC9959B2B}.Release|Any CPU.Build.0 = Release|Any CPU
		{F1DABBB0-0140-4CC1-A0E0-5E82DFB9A1FE}.Debug|Any CPU.ActiveCfg = Debug|Any CPU
		{F1DABBB0-0140-4CC1-A0E0-5E82DFB9A1FE}.Debug|Any CPU.Build.0 = Debug|Any CPU
		{F1DABBB0-0140-4CC1-A0E0-5E82DFB9A1FE}.Release|Any CPU.ActiveCfg = Release|Any CPU
		{F1DABBB0-0140-4CC1-A0E0-5E82DFB9A1FE}.Release|Any CPU.Build.0 = Release|Any CPU
		{67567A13-CB46-4EF2-A2C0-3B1C038C159E}.Debug|Any CPU.ActiveCfg = Debug|Any CPU
		{67567A13-CB46-4EF2-A2C0-3B1C038C159E}.Debug|Any CPU.Build.0 = Debug|Any CPU
		{67567A13-CB46-4EF2-A2C0-3B1C038C159E}.Release|Any CPU.ActiveCfg = Release|Any CPU
		{67567A13-CB46-4EF2-A2C0-3B1C038C159E}.Release|Any CPU.Build.0 = Release|Any CPU
		{64D1A673-2607-436B-BF09-B40986B25E83}.Debug|Any CPU.ActiveCfg = Debug|Any CPU
		{64D1A673-2607-436B-BF09-B40986B25E83}.Debug|Any CPU.Build.0 = Debug|Any CPU
		{64D1A673-2607-436B-BF09-B40986B25E83}.Release|Any CPU.ActiveCfg = Release|Any CPU
		{64D1A673-2607-436B-BF09-B40986B25E83}.Release|Any CPU.Build.0 = Release|Any CPU
		{2C15F602-15C3-48D1-9FE0-ACF1FBFAD5D0}.Debug|Any CPU.ActiveCfg = Debug|Any CPU
		{2C15F602-15C3-48D1-9FE0-ACF1FBFAD5D0}.Debug|Any CPU.Build.0 = Debug|Any CPU
		{2C15F602-15C3-48D1-9FE0-ACF1FBFAD5D0}.Release|Any CPU.ActiveCfg = Release|Any CPU
		{2C15F602-15C3-48D1-9FE0-ACF1FBFAD5D0}.Release|Any CPU.Build.0 = Release|Any CPU
	EndGlobalSection
	GlobalSection(SolutionProperties) = preSolution
		HideSolutionNode = FALSE
	EndGlobalSection
	GlobalSection(ExtensibilityGlobals) = postSolution
		SolutionGuid = {225476DC-3506-4142-9701-EBAE69CB54CC}
	EndGlobalSection
EndGlobal
